
Microsoft Visual Studio Solution File, Format Version 12.00
# Visual Studio Version 16
VisualStudioVersion = 16.0.30907.101
MinimumVisualStudioVersion = 10.0.40219.1
Project("{FAE04EC0-301F-11D3-BF4B-00C04F79EFBC}") = "Graphs", "Graphs\Graphs.csproj", "{7F0FCA60-3540-4EC7-9825-B7AD4058D970}"
EndProject
Global
	GlobalSection(SolutionConfigurationPlatforms) = preSolution
		Debug|Any CPU = Debug|Any CPU
		Release|Any CPU = Release|Any CPU
	EndGlobalSection
	GlobalSection(ProjectConfigurationPlatforms) = postSolution
		{7F0FCA60-3540-4EC7-9825-B7AD4058D970}.Debug|Any CPU.ActiveCfg = Debug|Any CPU
		{7F0FCA60-3540-4EC7-9825-B7AD4058D970}.Debug|Any CPU.Build.0 = Debug|Any CPU
		{7F0FCA60-3540-4EC7-9825-B7AD4058D970}.Release|Any CPU.ActiveCfg = Release|Any CPU
		{7F0FCA60-3540-4EC7-9825-B7AD4058D970}.Release|Any CPU.Build.0 = Release|Any CPU
	EndGlobalSection
	GlobalSection(SolutionProperties) = preSolution
		HideSolutionNode = FALSE
	EndGlobalSection
	GlobalSection(ExtensibilityGlobals) = postSolution
		SolutionGuid = {43C5DA68-E87F-4DB2-BB07-0D58EB05757B}
	EndGlobalSection
EndGlobal
